<?xml version="1.0" encoding="utf-8"?>
<Project ToolsVersion="4.0" xmlns="http://schemas.microsoft.com/developer/msbuild/2003">
  <ItemGroup>
    <Filter Include="Source Files">
      <UniqueIdentifier>{4FC737F1-C7A5-4376-A066-2A32D752A2FF}</UniqueIdentifier>
      <Extensions>cpp;c;cc;cxx;c++;def;odl;idl;hpj;bat;asm;asmx</Extensions>
    </Filter>
    <Filter Include="Header Files">
      <UniqueIdentifier>{93995380-89BD-4b04-88EB-625FBE52EBFB}</UniqueIdentifier>
      <Extensions>h;hh;hpp;hxx;h++;hm;inl;inc;ipp;xsd</Extensions>
    </Filter>
    <Filter Include="Resource Files">
      <UniqueIdentifier>{67DA6AB6-F800-4c08-8B7A-83BB121AAD01}</UniqueIdentifier>
      <Extensions>rc;ico;cur;bmp;dlg;rc2;rct;bin;rgs;gif;jpg;jpeg;jpe;resx;tiff;tif;png;wav;mfcribbon-ms</Extensions>
    </Filter>
    <Filter Include="External">
      <UniqueIdentifier>{7611c217-d63f-4025-8102-393e3612b535}</UniqueIdentifier>
    </Filter>
    <Filter Include="External\Imgui">
      <UniqueIdentifier>{10edd79d-44e4-4a95-a4ff-3b3e8088b1f8}</UniqueIdentifier>
    </Filter>
    <Filter Include="Header Files Only">
      <UniqueIdentifier>{ec739b3a-d966-4131-95c4-e54419ea1d37}</UniqueIdentifier>
    </Filter>
    <Filter Include="Header Files Only\Macro Defines">
      <UniqueIdentifier>{e1a26eab-f6d0-4f40-90a8-4bef19d87e4f}</UniqueIdentifier>
    </Filter>
    <Filter Include="Header Files Only\D3DX12%28External%29">
      <UniqueIdentifier>{06449f59-cf5a-458d-b14f-9ee5486a6db1}</UniqueIdentifier>
    </Filter>
    <Filter Include="External\Imgui\Current Issue">
      <UniqueIdentifier>{10377a6a-9b87-4bb7-8053-52a10ac307a1}</UniqueIdentifier>
    </Filter>
  </ItemGroup>
  <ItemGroup>
    <ClCompile Include="Game.cpp">
      <Filter>Source Files</Filter>
    </ClCompile>
    <ClCompile Include="Window.cpp">
      <Filter>Source Files</Filter>
    </ClCompile>
    <ClCompile Include="imgui.cpp">
      <Filter>External\Imgui</Filter>
    </ClCompile>
    <ClCompile Include="imgui_demo.cpp">
      <Filter>External\Imgui</Filter>
    </ClCompile>
    <ClCompile Include="imgui_draw.cpp">
      <Filter>External\Imgui</Filter>
    </ClCompile>
    <ClCompile Include="imgui_impl_dx12.cpp">
      <Filter>External\Imgui</Filter>
    </ClCompile>
    <ClCompile Include="imgui_impl_win32.cpp">
      <Filter>External\Imgui</Filter>
    </ClCompile>
    <ClCompile Include="imgui_widgets.cpp">
      <Filter>External\Imgui</Filter>
    </ClCompile>
    <ClCompile Include="ExceptionMessage.cpp">
      <Filter>Source Files</Filter>
    </ClCompile>
    <ClCompile Include="ImguiRenderStage.cpp">
      <Filter>External\Imgui\Current Issue</Filter>
    </ClCompile>
  </ItemGroup>
  <ItemGroup>
    <ClInclude Include="Game.h">
      <Filter>Header Files</Filter>
    </ClInclude>
    <ClInclude Include="Window.h">
      <Filter>Header Files</Filter>
    </ClInclude>
    <ClInclude Include="imconfig.h">
      <Filter>External\Imgui</Filter>
    </ClInclude>
    <ClInclude Include="imgui.h">
      <Filter>External\Imgui</Filter>
    </ClInclude>
    <ClInclude Include="imgui_impl_dx12.h">
      <Filter>External\Imgui</Filter>
    </ClInclude>
    <ClInclude Include="imgui_impl_win32.h">
      <Filter>External\Imgui</Filter>
    </ClInclude>
    <ClInclude Include="imgui_internal.h">
      <Filter>External\Imgui</Filter>
    </ClInclude>
    <ClInclude Include="imstb_rectpack.h">
      <Filter>External\Imgui</Filter>
    </ClInclude>
    <ClInclude Include="imstb_textedit.h">
      <Filter>External\Imgui</Filter>
    </ClInclude>
    <ClInclude Include="imstb_truetype.h">
      <Filter>External\Imgui</Filter>
    </ClInclude>
    <ClInclude Include="resource.h">
      <Filter>Resource Files</Filter>
    </ClInclude>
    <ClInclude Include="ExceptionMessage.h">
      <Filter>Header Files</Filter>
    </ClInclude>
    <ClInclude Include="WinDefine.h">
      <Filter>Header Files Only\Macro Defines</Filter>
    </ClInclude>
    <ClInclude Include="WIndowsThrowMacros.h">
      <Filter>Header Files Only\Macro Defines</Filter>
    </ClInclude>
    <ClInclude Include="DebugNoException.h">
      <Filter>Header Files Only\Macro Defines</Filter>
    </ClInclude>
    <ClInclude Include="GraphicsThrowMacros.h">
      <Filter>Header Files Only\Macro Defines</Filter>
    </ClInclude>
    <ClInclude Include="d3dx12.h">
      <Filter>Header Files Only\D3DX12%28External%29</Filter>
    </ClInclude>
    <ClInclude Include="ImguiRenderStage.h">
      <Filter>External\Imgui\Current Issue</Filter>
    </ClInclude>
  </ItemGroup>
  <ItemGroup>
    <None Include="packages.config" />
  </ItemGroup>
  <ItemGroup>
    <Image Include="Icon\ksk3.ico">
      <Filter>Resource Files</Filter>
    </Image>
  </ItemGroup>
  <ItemGroup>
    <ResourceCompile Include="IconResource.rc">
      <Filter>Resource Files</Filter>
    </ResourceCompile>
  </ItemGroup>
</Project>