<?xml version="1.0" encoding="utf-8"?>
<Project ToolsVersion="4.0" xmlns="http://schemas.microsoft.com/developer/msbuild/2003">
  <ItemGroup>
    <Filter Include="Header Files Only">
      <UniqueIdentifier>{ec739b3a-d966-4131-95c4-e54419ea1d37}</UniqueIdentifier>
    </Filter>
    <Filter Include="Header Files Only\Defines">
      <UniqueIdentifier>{e1a26eab-f6d0-4f40-90a8-4bef19d87e4f}</UniqueIdentifier>
    </Filter>
    <Filter Include="PreCompiled Header">
      <UniqueIdentifier>{5b346aed-72df-4185-b355-f297b3287d1a}</UniqueIdentifier>
    </Filter>
    <Filter Include="Main">
      <UniqueIdentifier>{ef4adc24-e2a1-4d39-8fa2-8c258cc0da64}</UniqueIdentifier>
    </Filter>
    <Filter Include="SceneGraph">
      <UniqueIdentifier>{6526d67e-c26a-4445-b6fd-07535667644f}</UniqueIdentifier>
    </Filter>
    <Filter Include="SceneGraph\Model">
      <UniqueIdentifier>{b6ff10d0-620e-4e55-90e0-6e9f52328e6e}</UniqueIdentifier>
    </Filter>
    <Filter Include="SceneGraph\Renderer">
      <UniqueIdentifier>{f6a2ba26-c188-42a2-a962-ff9cf5446f51}</UniqueIdentifier>
    </Filter>
    <Filter Include="SceneGraph\Renderer\Component">
      <UniqueIdentifier>{92db14d1-f294-4df0-96bb-46b875befd8c}</UniqueIdentifier>
    </Filter>
    <Filter Include="SceneGraph\Renderer\imgui Window">
      <UniqueIdentifier>{dd5e08b5-87ae-4972-994a-09396061577f}</UniqueIdentifier>
    </Filter>
    <Filter Include="SceneGraph\Buffer%28Temporary%29">
      <UniqueIdentifier>{7aa1ced2-3e2b-40d2-8acf-278c75f0408e}</UniqueIdentifier>
    </Filter>
    <Filter Include="SceneGraph\Renderer\Pass">
      <UniqueIdentifier>{9190b773-8ad5-4eb1-940e-a6224f734356}</UniqueIdentifier>
    </Filter>
    <Filter Include="SceneGraph\Renderer\DisplaySurface">
      <UniqueIdentifier>{1d8dba03-a71c-496a-80bc-0e6c034d6af1}</UniqueIdentifier>
    </Filter>
    <Filter Include="Graphics">
      <UniqueIdentifier>{be1de0e3-a0d0-4657-8ff6-e90a67693317}</UniqueIdentifier>
    </Filter>
    <Filter Include="Graphics\Custom D3D12 Core Interfaces">
      <UniqueIdentifier>{2d3d62b3-5c1a-4b2d-9b47-fb25de1e9ed6}</UniqueIdentifier>
    </Filter>
    <Filter Include="Graphics\D3D12Resource">
      <UniqueIdentifier>{6bfb3077-6cbb-4c0f-96e2-2668742c9960}</UniqueIdentifier>
    </Filter>
    <Filter Include="Graphics\D3D12Resource\UAV">
      <UniqueIdentifier>{24fef168-ebeb-4506-85e9-b6b1c98c4e6a}</UniqueIdentifier>
    </Filter>
    <Filter Include="Graphics\Global Range">
      <UniqueIdentifier>{93995380-89BD-4b04-88EB-625FBE52EBFB}</UniqueIdentifier>
      <Extensions>h;hh;hpp;hxx;h++;hm;inl;inc;ipp;xsd</Extensions>
    </Filter>
    <Filter Include="Graphics\Global Range\Input Device">
      <UniqueIdentifier>{44b735cb-b1b0-4363-979e-388f30a224e5}</UniqueIdentifier>
    </Filter>
    <Filter Include="Header Files Only\Math">
      <UniqueIdentifier>{8aa4fd9b-c7fa-467c-8aa5-c98cc6841bc8}</UniqueIdentifier>
    </Filter>
    <Filter Include="Resource Files%28Icon, Shader%29">
      <UniqueIdentifier>{67DA6AB6-F800-4c08-8B7A-83BB121AAD01}</UniqueIdentifier>
      <Extensions>rc;ico;cur;bmp;dlg;rc2;rct;bin;rgs;gif;jpg;jpeg;jpe;resx;tiff;tif;png;wav;mfcribbon-ms</Extensions>
    </Filter>
    <Filter Include="Resource Files%28Icon, Shader%29\Icon">
      <UniqueIdentifier>{ea895217-495e-4bbb-81fb-4154003f580b}</UniqueIdentifier>
    </Filter>
    <Filter Include="Resource Files%28Icon, Shader%29\Candidate Shader">
      <UniqueIdentifier>{37023f8f-66cc-4cc6-a266-7cce6e98e984}</UniqueIdentifier>
    </Filter>
    <Filter Include="Resource Files%28Icon, Shader%29\Candidate Shader\Sobel FIlter">
      <UniqueIdentifier>{efd8f828-9737-4a44-9dc0-8c2ec5d73064}</UniqueIdentifier>
    </Filter>
    <Filter Include="Time">
      <UniqueIdentifier>{f67ad87d-f144-4e8f-bf27-e8b391f6cadd}</UniqueIdentifier>
    </Filter>
    <Filter Include="Graphics\D3D12Resource\Texture">
      <UniqueIdentifier>{c1908052-0ebc-4c73-b307-eb8fffcc9da6}</UniqueIdentifier>
    </Filter>
    <Filter Include="SceneGraph\Camera">
      <UniqueIdentifier>{4968f34c-124a-4ff5-b1a8-51df4bdc467c}</UniqueIdentifier>
    </Filter>
    <Filter Include="Header Files Only\Math\Basic">
      <UniqueIdentifier>{07dcc19b-2889-4223-a0dd-6904396b2a6c}</UniqueIdentifier>
    </Filter>
    <Filter Include="Resource Files%28Icon, Shader%29\Candidate Shader\Flat">
      <UniqueIdentifier>{db76728b-6a03-4140-b4d6-4331024581f3}</UniqueIdentifier>
    </Filter>
    <Filter Include="SceneGraph\Camera\CameraComponent">
      <UniqueIdentifier>{fc2ae76e-b26a-4e96-bcdb-031fe1a3f419}</UniqueIdentifier>
    </Filter>
    <Filter Include="Resource Files%28Icon, Shader%29\Candidate Shader\Viewer">
      <UniqueIdentifier>{bb1959db-2d26-4aee-906d-d1331a00c2a5}</UniqueIdentifier>
    </Filter>
    <Filter Include="Resource Files%28Icon, Shader%29\Candidate Shader\Viewer\Utility">
      <UniqueIdentifier>{45889cd4-fbba-4643-80a2-cd5d17154326}</UniqueIdentifier>
    </Filter>
    <Filter Include="External Dependencies">
      <UniqueIdentifier>{7611c217-d63f-4025-8102-393e3612b535}</UniqueIdentifier>
    </Filter>
    <Filter Include="External Dependencies\Imgui">
      <UniqueIdentifier>{10edd79d-44e4-4a95-a4ff-3b3e8088b1f8}</UniqueIdentifier>
    </Filter>
    <Filter Include="External Dependencies\Imgui\Current Issue">
      <UniqueIdentifier>{10377a6a-9b87-4bb7-8053-52a10ac307a1}</UniqueIdentifier>
    </Filter>
    <Filter Include="External Dependencies\D3DX12">
      <UniqueIdentifier>{06449f59-cf5a-458d-b14f-9ee5486a6db1}</UniqueIdentifier>
    </Filter>
    <Filter Include="SceneGraph\Renderer\Pass\Base">
      <UniqueIdentifier>{08c21d67-ab3e-4b2e-9a08-807151c43a38}</UniqueIdentifier>
    </Filter>
    <Filter Include="SceneGraph\Renderer\Pass\Leaf">
      <UniqueIdentifier>{0e1b7a09-e47d-43ee-9aeb-4ba066c8785d}</UniqueIdentifier>
    </Filter>
    <Filter Include="Resource Files%28Icon, Shader%29\Candidate Shader\Light">
      <UniqueIdentifier>{a30401cb-f51b-44b8-81b2-16c1dda069ec}</UniqueIdentifier>
    </Filter>
    <Filter Include="Resource Files%28Icon, Shader%29\Candidate Shader\Miscellaneous">
      <UniqueIdentifier>{105682a3-2dcc-4dec-b524-818cfeb34954}</UniqueIdentifier>
    </Filter>
    <Filter Include="Resource Files%28Icon, Shader%29\Candidate Shader\GenerateMips">
      <UniqueIdentifier>{29b94196-47b3-49e5-bf4b-7deb04b3929c}</UniqueIdentifier>
    </Filter>
    <Filter Include="Resource Files%28Icon, Shader%29\Candidate Shader\Present">
      <UniqueIdentifier>{ff3c0262-e642-4d25-818f-73fd9f64f640}</UniqueIdentifier>
    </Filter>
    <Filter Include="Resource Files%28Icon, Shader%29\Candidate Shader\SSAO">
      <UniqueIdentifier>{e1eda7bd-4248-4b7c-a3b7-8b6fb48ef1c3}</UniqueIdentifier>
    </Filter>
    <Filter Include="Resource Files%28Icon, Shader%29\Candidate Shader\DOF">
      <UniqueIdentifier>{27b4c922-4697-4d5a-a72c-e8873e256bdd}</UniqueIdentifier>
    </Filter>
    <Filter Include="Resource Files%28Icon, Shader%29\Candidate Shader\OutlineWithBlur">
      <UniqueIdentifier>{f986809a-a11b-4e75-a9c9-5b0b4db248fc}</UniqueIdentifier>
    </Filter>
    <Filter Include="Resource Files%28Icon, Shader%29\Candidate Shader\Viewer\Model Basic Shader">
      <UniqueIdentifier>{83a642f8-5db6-49b5-8807-a36552de7f1c}</UniqueIdentifier>
    </Filter>
    <Filter Include="Resource Files%28Icon, Shader%29\Candidate Shader\Viewer\Depth Shader">
      <UniqueIdentifier>{3ec95e96-b6da-4cb6-9c04-08e764974b45}</UniqueIdentifier>
    </Filter>
    <Filter Include="SceneGraph\Renderer\RenderGraph">
      <UniqueIdentifier>{b273b01d-d3d5-4429-9eee-b9c0f7338487}</UniqueIdentifier>
    </Filter>
    <Filter Include="SceneGraph\Camera\MainLight">
      <UniqueIdentifier>{3dc9642e-e809-4456-b776-b940aa493bdc}</UniqueIdentifier>
    </Filter>
    <Filter Include="SceneGraph\Renderer\Pass\ComputePass">
      <UniqueIdentifier>{aeb6bd58-b527-4536-ae69-7412223d46fb}</UniqueIdentifier>
    </Filter>
    <Filter Include="Allocator">
      <UniqueIdentifier>{107aa8d9-32d1-4438-a10f-0ac9ca3db140}</UniqueIdentifier>
    </Filter>
    <Filter Include="Graphics\Global Range\CustomCPUAllocator%28Ongoing%29">
      <UniqueIdentifier>{ed90297b-7365-4203-9225-ccb9a2aae1ad}</UniqueIdentifier>
    </Filter>
    <Filter Include="Resource Files%28Icon, Shader%29\Font Header">
      <UniqueIdentifier>{5c992384-cba0-47cb-90d8-46c9440c6e8e}</UniqueIdentifier>
    </Filter>
    <Filter Include="Resource Files%28Icon, Shader%29\Candidate Shader\Text">
      <UniqueIdentifier>{26b133e9-2e3d-43fc-a6ac-db5ead4c27d1}</UniqueIdentifier>
    </Filter>
    <Filter Include="StringHash">
      <UniqueIdentifier>{33243749-446d-4043-b946-9a2cac8171c3}</UniqueIdentifier>
    </Filter>
    <Filter Include="Resource Files%28Icon, Shader%29\Candidate Shader\Rader%28To be Done%29">
      <UniqueIdentifier>{41019afb-5ab4-48e2-b3c5-b2300ca50e31}</UniqueIdentifier>
    </Filter>
    <Filter Include="Resource Files%28Icon, Shader%29\Candidate Shader\Rader%28To be Done%29\Topographics Rader">
      <UniqueIdentifier>{22b7f74b-2725-4640-a072-e475918ef587}</UniqueIdentifier>
    </Filter>
    <Filter Include="Resource Files%28Icon, Shader%29\Candidate Shader\VHS Test%28To be Done%29">
      <UniqueIdentifier>{6dcd9bad-bc31-4c91-9847-5a2d4f6bd95e}</UniqueIdentifier>
    </Filter>
    <Filter Include="Resource Files%28Icon, Shader%29\Candidate Shader\Viewer\Model Test Shader">
      <UniqueIdentifier>{906d8b2e-823e-49ef-96c8-6f031957afd0}</UniqueIdentifier>
    </Filter>
    <Filter Include="Resource Files%28Icon, Shader%29\Candidate Shader\Viewer\Model Test Shader\External Dependency">
      <UniqueIdentifier>{668e33b9-5a06-4464-a64b-526dba688409}</UniqueIdentifier>
    </Filter>
    <Filter Include="Resource Files%28Icon, Shader%29\Candidate Shader\Viewer\Model Test Shader\Various">
      <UniqueIdentifier>{1d376fbb-419a-4428-adf6-fa7b71f511cb}</UniqueIdentifier>
    </Filter>
    <Filter Include="SceneGraph\Renderer\Pass\Candidate">
      <UniqueIdentifier>{c053fbc4-1839-4824-a2a4-e836157fd8da}</UniqueIdentifier>
    </Filter>
    <Filter Include="SceneGraph\Renderer\RenderGraph\1">
      <UniqueIdentifier>{e34841df-9442-4e4c-9c9a-287201a6066e}</UniqueIdentifier>
    </Filter>
    <Filter Include="SceneGraph\Renderer\RenderGraph\2">
      <UniqueIdentifier>{6dd2b733-1dcf-40b1-a08c-2bb24910c937}</UniqueIdentifier>
    </Filter>
    <Filter Include="SceneGraph\Renderer\RenderGraph\3">
      <UniqueIdentifier>{f4aa2549-a5d2-42c3-a246-9f9337f827b4}</UniqueIdentifier>
    </Filter>
    <Filter Include="SceneGraph\Renderer\RenderGraph\4">
      <UniqueIdentifier>{c83d9256-a651-48c4-926a-0c5946816abe}</UniqueIdentifier>
    </Filter>
    <Filter Include="SceneGraph\Renderer\RenderGraph\5">
      <UniqueIdentifier>{85b446a5-e783-4bef-af00-107f90185386}</UniqueIdentifier>
    </Filter>
    <Filter Include="SceneGraph\Renderer\RenderGraph\6">
      <UniqueIdentifier>{42a0ae6b-80ef-438b-8c96-db970d0d2944}</UniqueIdentifier>
    </Filter>
    <Filter Include="SceneGraph\Renderer\RenderGraph\7">
      <UniqueIdentifier>{16c55ba2-83a5-4940-81bb-d4da77b803a4}</UniqueIdentifier>
    </Filter>
    <Filter Include="Resource Files%28Icon, Shader%29\Candidate Shader\Viewer\Original">
      <UniqueIdentifier>{35375ac7-4f2b-4526-8f16-5f233d7528df}</UniqueIdentifier>
    </Filter>
    <Filter Include="Resource Files%28Icon, Shader%29\Candidate Shader\Viewer\WireFrame">
      <UniqueIdentifier>{9f089aa1-efbd-4135-b4b0-c6509f1dfccb}</UniqueIdentifier>
    </Filter>
    <Filter Include="SceneGraph\Renderer\RenderGraph\DebugPasses">
      <UniqueIdentifier>{76d63472-ba1a-46b8-9590-baf8bd2a25c8}</UniqueIdentifier>
    </Filter>
    <Filter Include="Resource Files%28Icon, Shader%29\Candidate Shader\Viewer\Debug">
      <UniqueIdentifier>{5da9601a-89c5-4f38-9a65-e9efbe21242e}</UniqueIdentifier>
    </Filter>
    <Filter Include="Resource Files%28Icon, Shader%29\Candidate Shader\Viewer\Debug\DebugShadowMap">
      <UniqueIdentifier>{d8ef0787-0722-4759-b0bc-49f698ca8ee5}</UniqueIdentifier>
    </Filter>
    <Filter Include="External Dependencies\Custom Imgui">
      <UniqueIdentifier>{a96ed636-b699-46c5-8dbd-a99eb72d65f0}</UniqueIdentifier>
    </Filter>
    <Filter Include="SceneGraph\Renderer\RenderGraph\OutlineDrawingPass">
      <UniqueIdentifier>{0169def9-30ef-4e5e-852f-fe72d8f5a215}</UniqueIdentifier>
    </Filter>
  </ItemGroup>
  <ItemGroup>
    <ClCompile Include="imgui.cpp">
      <Filter>External Dependencies\Imgui</Filter>
    </ClCompile>
    <ClCompile Include="imgui_draw.cpp">
      <Filter>External Dependencies\Imgui</Filter>
    </ClCompile>
    <ClCompile Include="imgui_impl_dx12.cpp">
      <Filter>External Dependencies\Imgui</Filter>
    </ClCompile>
    <ClCompile Include="imgui_impl_win32.cpp">
      <Filter>External Dependencies\Imgui</Filter>
    </ClCompile>
    <ClCompile Include="imgui_widgets.cpp">
      <Filter>External Dependencies\Imgui</Filter>
    </ClCompile>
    <ClCompile Include="ImguiRenderStage.cpp">
      <Filter>External Dependencies\Imgui\Current Issue</Filter>
    </ClCompile>
    <ClCompile Include="MyKeyboard.cpp">
      <Filter>Graphics\Global Range\Input Device</Filter>
    </ClCompile>
    <ClCompile Include="MyMouse.cpp">
      <Filter>Graphics\Global Range\Input Device</Filter>
    </ClCompile>
    <ClCompile Include="main.cpp">
      <Filter>Main</Filter>
    </ClCompile>
    <ClCompile Include="ColorBuffer.cpp">
      <Filter>Graphics\D3D12Resource</Filter>
    </ClCompile>
    <ClCompile Include="DepthBuffer.cpp">
      <Filter>Graphics\D3D12Resource</Filter>
    </ClCompile>
    <ClCompile Include="PixelBuffer.cpp">
      <Filter>Graphics\D3D12Resource</Filter>
    </ClCompile>
    <ClCompile Include="UAVBuffer.cpp">
      <Filter>Graphics\D3D12Resource\UAV</Filter>
    </ClCompile>
    <ClCompile Include="Color.cpp">
      <Filter>Graphics\Custom D3D12 Core Interfaces</Filter>
    </ClCompile>
    <ClCompile Include="CommandAllocatorPool.cpp">
      <Filter>Graphics\Custom D3D12 Core Interfaces</Filter>
    </ClCompile>
    <ClCompile Include="CommandContext.cpp">
      <Filter>Graphics\Custom D3D12 Core Interfaces</Filter>
    </ClCompile>
    <ClCompile Include="CommandQueue.cpp">
      <Filter>Graphics\Custom D3D12 Core Interfaces</Filter>
    </ClCompile>
    <ClCompile Include="CommandQueueManager.cpp">
      <Filter>Graphics\Custom D3D12 Core Interfaces</Filter>
    </ClCompile>
    <ClCompile Include="ComputeContext.cpp">
      <Filter>Graphics\Custom D3D12 Core Interfaces</Filter>
    </ClCompile>
    <ClCompile Include="DynamicDescriptorHeap.cpp">
      <Filter>Graphics\Custom D3D12 Core Interfaces</Filter>
    </ClCompile>
    <ClCompile Include="PSO.cpp">
      <Filter>Graphics\Custom D3D12 Core Interfaces</Filter>
    </ClCompile>
    <ClCompile Include="RootSignature.cpp">
      <Filter>Graphics\Custom D3D12 Core Interfaces</Filter>
    </ClCompile>
    <ClCompile Include="SamplerDescriptor.cpp">
      <Filter>Graphics\Custom D3D12 Core Interfaces</Filter>
    </ClCompile>
    <ClCompile Include="Model.cpp">
      <Filter>SceneGraph\Model</Filter>
    </ClCompile>
    <ClCompile Include="Entity.cpp">
      <Filter>SceneGraph</Filter>
    </ClCompile>
    <ClCompile Include="ModelPart.cpp">
      <Filter>SceneGraph\Model</Filter>
    </ClCompile>
    <ClCompile Include="Mesh.cpp">
      <Filter>SceneGraph\Model</Filter>
    </ClCompile>
    <ClCompile Include="RawBuffer.cpp">
      <Filter>SceneGraph\Buffer%28Temporary%29</Filter>
    </ClCompile>
    <ClCompile Include="LinearAllocator.cpp">
      <Filter>Graphics\D3D12Resource</Filter>
    </ClCompile>
    <ClCompile Include="DynamicUploadBuffer.cpp">
      <Filter>SceneGraph\Renderer\Component</Filter>
    </ClCompile>
    <ClCompile Include="RenderTarget.cpp">
      <Filter>SceneGraph\Renderer\DisplaySurface</Filter>
    </ClCompile>
    <ClCompile Include="BufferManager.cpp">
      <Filter>Graphics\D3D12Resource</Filter>
    </ClCompile>
    <ClCompile Include="stdafx.cpp">
      <Filter>PreCompiled Header</Filter>
    </ClCompile>
    <ClCompile Include="DescriptorHeapManager.cpp">
      <Filter>Graphics\Custom D3D12 Core Interfaces</Filter>
    </ClCompile>
    <ClCompile Include="PreMadePSO.cpp">
      <Filter>Graphics\Custom D3D12 Core Interfaces</Filter>
    </ClCompile>
    <ClCompile Include="GpuTime.cpp">
      <Filter>Time</Filter>
    </ClCompile>
    <ClCompile Include="TextureManager.cpp">
      <Filter>Graphics\D3D12Resource\Texture</Filter>
    </ClCompile>
    <ClCompile Include="ManagedTexture.cpp">
      <Filter>Graphics\D3D12Resource\Texture</Filter>
    </ClCompile>
    <ClCompile Include="Texture.cpp">
      <Filter>Graphics\D3D12Resource\Texture</Filter>
    </ClCompile>
    <ClCompile Include="FileReader.cpp">
      <Filter>External Dependencies</Filter>
    </ClCompile>
    <ClCompile Include="Camera.cpp">
      <Filter>SceneGraph\Camera</Filter>
    </ClCompile>
    <ClCompile Include="CameraManager.cpp">
      <Filter>SceneGraph\Camera</Filter>
    </ClCompile>
    <ClCompile Include="IBaseCamera.cpp">
      <Filter>SceneGraph\Camera</Filter>
    </ClCompile>
    <ClCompile Include="ShadowCamera.cpp">
      <Filter>SceneGraph\Camera</Filter>
    </ClCompile>
    <ClCompile Include="Frustum.cpp">
      <Filter>Header Files Only\Math</Filter>
    </ClCompile>
    <ClCompile Include="CameraEntity.cpp">
      <Filter>SceneGraph\Camera\CameraComponent</Filter>
    </ClCompile>
    <ClCompile Include="CameraFrustum.cpp">
      <Filter>SceneGraph\Camera\CameraComponent</Filter>
    </ClCompile>
    <ClCompile Include="Technique.cpp">
      <Filter>SceneGraph\Renderer\Component</Filter>
    </ClCompile>
    <ClCompile Include="DepthStencil.cpp">
      <Filter>SceneGraph\Renderer\DisplaySurface</Filter>
    </ClCompile>
    <ClCompile Include="Material.cpp">
      <Filter>SceneGraph\Model</Filter>
    </ClCompile>
    <ClCompile Include="Step.cpp">
      <Filter>SceneGraph\Renderer\Component</Filter>
    </ClCompile>
    <ClCompile Include="Job.cpp">
      <Filter>SceneGraph\Renderer\Component</Filter>
    </ClCompile>
    <ClCompile Include="CameraProjector.cpp">
      <Filter>SceneGraph\Camera\CameraComponent</Filter>
    </ClCompile>
    <ClCompile Include="WindowInput.cpp">
      <Filter>Graphics\Global Range\Input Device</Filter>
    </ClCompile>
    <ClCompile Include="GraphRenderer.cpp">
      <Filter>Graphics\Global Range</Filter>
    </ClCompile>
    <ClCompile Include="RenderQueuePass.cpp">
      <Filter>SceneGraph\Renderer\Pass\Base</Filter>
    </ClCompile>
    <ClCompile Include="CommandSignature.cpp">
      <Filter>Graphics\Custom D3D12 Core Interfaces</Filter>
    </ClCompile>
    <ClCompile Include="CommandContextManager.cpp">
      <Filter>Graphics\Custom D3D12 Core Interfaces</Filter>
    </ClCompile>
    <ClCompile Include="ShaderConstantsTypeDefinitions.cpp">
      <Filter>Graphics\Custom D3D12 Core Interfaces</Filter>
    </ClCompile>
    <ClCompile Include="BindingPass.cpp">
      <Filter>SceneGraph\Renderer\Pass\Base</Filter>
    </ClCompile>
    <ClCompile Include="Pass.cpp">
      <Filter>SceneGraph\Renderer\Pass\Base</Filter>
    </ClCompile>
    <ClCompile Include="DepthOfFieldPass.cpp">
      <Filter>SceneGraph\Renderer\Pass\ComputePass</Filter>
    </ClCompile>
    <ClCompile Include="MasterRenderGraph.cpp">
      <Filter>SceneGraph\Renderer\RenderGraph</Filter>
    </ClCompile>
    <ClCompile Include="MainLight.cpp">
      <Filter>SceneGraph\Camera\MainLight</Filter>
    </ClCompile>
    <ClCompile Include="MainLightManager.cpp">
      <Filter>SceneGraph\Camera\MainLight</Filter>
    </ClCompile>
    <ClCompile Include="FilledPrimitiveSphere.cpp">
      <Filter>SceneGraph\Camera\MainLight</Filter>
    </ClCompile>
    <ClCompile Include="ModelComponentWindow.cpp">
      <Filter>SceneGraph\Renderer\imgui Window</Filter>
    </ClCompile>
    <ClCompile Include="CustomMemory.cpp">
      <Filter>Allocator</Filter>
    </ClCompile>
    <ClCompile Include="CPULinearAllocator.cpp">
      <Filter>Graphics\Global Range\CustomCPUAllocator%28Ongoing%29</Filter>
    </ClCompile>
    <ClCompile Include="ScopedPtr.cpp">
      <Filter>Graphics\Global Range\CustomCPUAllocator%28Ongoing%29</Filter>
    </ClCompile>
    <ClCompile Include="CpuTime.cpp">
      <Filter>Time</Filter>
    </ClCompile>
    <ClCompile Include="Profiling.cpp">
      <Filter>Time</Filter>
    </ClCompile>
    <ClCompile Include="TextManager.cpp">
      <Filter>Graphics\Global Range</Filter>
    </ClCompile>
    <ClCompile Include="StringHash.cpp">
      <Filter>StringHash</Filter>
    </ClCompile>
    <ClCompile Include="RawPSO.cpp">
      <Filter>Graphics\Custom D3D12 Core Interfaces</Filter>
    </ClCompile>
    <ClCompile Include="MaterialConstants.cpp">
      <Filter>SceneGraph\Model</Filter>
    </ClCompile>
    <ClCompile Include="imgui_demo.cpp">
      <Filter>External Dependencies\Imgui</Filter>
    </ClCompile>
    <ClCompile Include="FundamentlaTexture.cpp">
      <Filter>Graphics\D3D12Resource\Texture</Filter>
    </ClCompile>
    <ClCompile Include="FundamentalVertexIndex.cpp">
      <Filter>Graphics\D3D12Resource\UAV</Filter>
    </ClCompile>
    <ClCompile Include="LightPrePass.cpp">
      <Filter>SceneGraph\Renderer\RenderGraph\1</Filter>
    </ClCompile>
    <ClCompile Include="ShadowPrePass.cpp">
      <Filter>SceneGraph\Renderer\RenderGraph\2</Filter>
    </ClCompile>
    <ClCompile Include="Z_PrePass.cpp">
      <Filter>SceneGraph\Renderer\RenderGraph\3</Filter>
    </ClCompile>
    <ClCompile Include="SSAOPass.cpp">
      <Filter>SceneGraph\Renderer\RenderGraph\4</Filter>
    </ClCompile>
    <ClCompile Include="FillLightGridPass.cpp">
      <Filter>SceneGraph\Renderer\RenderGraph\5</Filter>
    </ClCompile>
    <ClCompile Include="ShadowMappingPass.cpp">
      <Filter>SceneGraph\Renderer\RenderGraph\6</Filter>
    </ClCompile>
    <ClCompile Include="MainRenderPass.cpp">
      <Filter>SceneGraph\Renderer\RenderGraph\7</Filter>
    </ClCompile>
    <ClCompile Include="DebugWireFramePass.cpp">
      <Filter>SceneGraph\Renderer\RenderGraph\DebugPasses</Filter>
    </ClCompile>
    <ClCompile Include="DebugShadowMapPass.cpp">
      <Filter>SceneGraph\Renderer\RenderGraph\DebugPasses</Filter>
    </ClCompile>
    <ClCompile Include="D3D12Engine.cpp">
      <Filter>Main</Filter>
    </ClCompile>
    <ClCompile Include="ObjModelManager.cpp">
      <Filter>Main</Filter>
    </ClCompile>
    <ClCompile Include="Window.cpp">
      <Filter>Main</Filter>
    </ClCompile>
    <ClCompile Include="OBJFileManager.cpp">
      <Filter>Main</Filter>
    </ClCompile>
    <ClCompile Include="Graphics.cpp">
      <Filter>Main</Filter>
    </ClCompile>
    <ClCompile Include="Device.cpp">
      <Filter>Main</Filter>
    </ClCompile>
    <ClCompile Include="ImGuiManager.cpp">
      <Filter>Main</Filter>
    </ClCompile>
    <ClCompile Include="CustomImgui.cpp">
      <Filter>External Dependencies\Custom Imgui</Filter>
    </ClCompile>
    <ClCompile Include="TransformConstants.cpp">
      <Filter>SceneGraph\Model</Filter>
    </ClCompile>
    <ClCompile Include="ColorConstants.cpp">
      <Filter>SceneGraph\Model</Filter>
    </ClCompile>
    <ClCompile Include="OutlineDrawingPass.cpp">
      <Filter>SceneGraph\Renderer\RenderGraph\OutlineDrawingPass</Filter>
    </ClCompile>
  </ItemGroup>
  <ItemGroup>
    <ClInclude Include="imconfig.h">
      <Filter>External Dependencies\Imgui</Filter>
    </ClInclude>
    <ClInclude Include="imgui.h">
      <Filter>External Dependencies\Imgui</Filter>
    </ClInclude>
    <ClInclude Include="imgui_impl_dx12.h">
      <Filter>External Dependencies\Imgui</Filter>
    </ClInclude>
    <ClInclude Include="imgui_impl_win32.h">
      <Filter>External Dependencies\Imgui</Filter>
    </ClInclude>
    <ClInclude Include="imgui_internal.h">
      <Filter>External Dependencies\Imgui</Filter>
    </ClInclude>
    <ClInclude Include="imstb_rectpack.h">
      <Filter>External Dependencies\Imgui</Filter>
    </ClInclude>
    <ClInclude Include="imstb_textedit.h">
      <Filter>External Dependencies\Imgui</Filter>
    </ClInclude>
    <ClInclude Include="imstb_truetype.h">
      <Filter>External Dependencies\Imgui</Filter>
    </ClInclude>
    <ClInclude Include="d3dx12.h">
      <Filter>External Dependencies\D3DX12</Filter>
    </ClInclude>
    <ClInclude Include="ImguiRenderStage.h">
      <Filter>External Dependencies\Imgui\Current Issue</Filter>
    </ClInclude>
    <ClInclude Include="MyKeyboard.h">
      <Filter>Graphics\Global Range\Input Device</Filter>
    </ClInclude>
    <ClInclude Include="MyMouse.h">
      <Filter>Graphics\Global Range\Input Device</Filter>
    </ClInclude>
    <ClInclude Include="resource.h">
      <Filter>Resource Files%28Icon, Shader%29\Icon</Filter>
    </ClInclude>
    <ClInclude Include="stdafx.h">
      <Filter>PreCompiled Header</Filter>
    </ClInclude>
    <ClInclude Include="TypeDefine.h">
      <Filter>Header Files Only\Defines</Filter>
    </ClInclude>
    <ClInclude Include="CustomAssert.h">
      <Filter>Header Files Only\Defines</Filter>
    </ClInclude>
    <ClInclude Include="Hash.h">
      <Filter>Header Files Only</Filter>
    </ClInclude>
    <ClInclude Include="GPUResource.h">
      <Filter>Graphics\D3D12Resource</Filter>
    </ClInclude>
    <ClInclude Include="LinearAllocationPage.h">
      <Filter>Graphics\D3D12Resource</Filter>
    </ClInclude>
    <ClInclude Include="LinearAllocator.h">
      <Filter>Graphics\D3D12Resource</Filter>
    </ClInclude>
    <ClInclude Include="UAVBuffer.h">
      <Filter>Graphics\D3D12Resource\UAV</Filter>
    </ClInclude>
    <ClInclude Include="PixelBuffer.h">
      <Filter>Graphics\D3D12Resource</Filter>
    </ClInclude>
    <ClInclude Include="DDSTextureLoader.cpp">
      <Filter>External Dependencies\D3DX12</Filter>
    </ClInclude>
    <ClInclude Include="DDS.h">
      <Filter>External Dependencies\D3DX12</Filter>
    </ClInclude>
    <ClInclude Include="ColorBuffer.h">
      <Filter>Graphics\D3D12Resource</Filter>
    </ClInclude>
    <ClInclude Include="DepthBuffer.h">
      <Filter>Graphics\D3D12Resource</Filter>
    </ClInclude>
    <ClInclude Include="Color.h">
      <Filter>Graphics\Custom D3D12 Core Interfaces</Filter>
    </ClInclude>
    <ClInclude Include="CommandAllocatorPool.h">
      <Filter>Graphics\Custom D3D12 Core Interfaces</Filter>
    </ClInclude>
    <ClInclude Include="CommandContext.h">
      <Filter>Graphics\Custom D3D12 Core Interfaces</Filter>
    </ClInclude>
    <ClInclude Include="CommandContextManager.h">
      <Filter>Graphics\Custom D3D12 Core Interfaces</Filter>
    </ClInclude>
    <ClInclude Include="CommandQueue.h">
      <Filter>Graphics\Custom D3D12 Core Interfaces</Filter>
    </ClInclude>
    <ClInclude Include="CommandQueueManager.h">
      <Filter>Graphics\Custom D3D12 Core Interfaces</Filter>
    </ClInclude>
    <ClInclude Include="CommandSignature.h">
      <Filter>Graphics\Custom D3D12 Core Interfaces</Filter>
    </ClInclude>
    <ClInclude Include="ComputeContext.h">
      <Filter>Graphics\Custom D3D12 Core Interfaces</Filter>
    </ClInclude>
    <ClInclude Include="DescriptorHandle.h">
      <Filter>Graphics\Custom D3D12 Core Interfaces</Filter>
    </ClInclude>
    <ClInclude Include="DescriptorHeapManager.h">
      <Filter>Graphics\Custom D3D12 Core Interfaces</Filter>
    </ClInclude>
    <ClInclude Include="DynamicDescriptorHeap.h">
      <Filter>Graphics\Custom D3D12 Core Interfaces</Filter>
    </ClInclude>
    <ClInclude Include="IndirectParameter.h">
      <Filter>Graphics\Custom D3D12 Core Interfaces</Filter>
    </ClInclude>
    <ClInclude Include="PSO.h">
      <Filter>Graphics\Custom D3D12 Core Interfaces</Filter>
    </ClInclude>
    <ClInclude Include="RootParameter.h">
      <Filter>Graphics\Custom D3D12 Core Interfaces</Filter>
    </ClInclude>
    <ClInclude Include="RootSignature.h">
      <Filter>Graphics\Custom D3D12 Core Interfaces</Filter>
    </ClInclude>
    <ClInclude Include="SamplerDescriptor.h">
      <Filter>Graphics\Custom D3D12 Core Interfaces</Filter>
    </ClInclude>
    <ClInclude Include="Model.h">
      <Filter>SceneGraph\Model</Filter>
    </ClInclude>
    <ClInclude Include="Mesh.h">
      <Filter>SceneGraph\Model</Filter>
    </ClInclude>
    <ClInclude Include="Entity.h">
      <Filter>SceneGraph</Filter>
    </ClInclude>
    <ClInclude Include="ModelPart.h">
      <Filter>SceneGraph\Model</Filter>
    </ClInclude>
    <ClInclude Include="RawBuffer.h">
      <Filter>SceneGraph\Buffer%28Temporary%29</Filter>
    </ClInclude>
    <ClInclude Include="LayoutCodex.h">
      <Filter>SceneGraph\Buffer%28Temporary%29</Filter>
    </ClInclude>
    <ClInclude Include="Job.h">
      <Filter>SceneGraph\Renderer\Component</Filter>
    </ClInclude>
    <ClInclude Include="ShadowBuffer.h">
      <Filter>Graphics\D3D12Resource</Filter>
    </ClInclude>
    <ClInclude Include="UpdateConstantBuffer.h">
      <Filter>SceneGraph\Renderer\Component</Filter>
    </ClInclude>
    <ClInclude Include="DynamicUploadBuffer.h">
      <Filter>SceneGraph\Renderer\Component</Filter>
    </ClInclude>
    <ClInclude Include="DepthStencil.h">
      <Filter>SceneGraph\Renderer\DisplaySurface</Filter>
    </ClInclude>
    <ClInclude Include="RenderTarget.h">
      <Filter>SceneGraph\Renderer\DisplaySurface</Filter>
    </ClInclude>
    <ClInclude Include="IDisplaySurface.h">
      <Filter>SceneGraph\Renderer\DisplaySurface</Filter>
    </ClInclude>
    <ClInclude Include="BufferManager.h">
      <Filter>Graphics\D3D12Resource</Filter>
    </ClInclude>
    <ClInclude Include="MathCommon.h">
      <Filter>Header Files Only\Math</Filter>
    </ClInclude>
    <ClInclude Include="PreMadePSO.h">
      <Filter>Graphics\Custom D3D12 Core Interfaces</Filter>
    </ClInclude>
    <ClInclude Include="GpuTime.h">
      <Filter>Time</Filter>
    </ClInclude>
    <ClInclude Include="TextureManager.h">
      <Filter>Graphics\D3D12Resource\Texture</Filter>
    </ClInclude>
    <ClInclude Include="ManagedTexture.h">
      <Filter>Graphics\D3D12Resource\Texture</Filter>
    </ClInclude>
    <ClInclude Include="Texture.h">
      <Filter>Graphics\D3D12Resource\Texture</Filter>
    </ClInclude>
    <ClInclude Include="FileReader.h">
      <Filter>External Dependencies</Filter>
    </ClInclude>
    <ClInclude Include="Camera.h">
      <Filter>SceneGraph\Camera</Filter>
    </ClInclude>
    <ClInclude Include="CameraManager.h">
      <Filter>SceneGraph\Camera</Filter>
    </ClInclude>
    <ClInclude Include="IBaseCamera.h">
      <Filter>SceneGraph\Camera</Filter>
    </ClInclude>
    <ClInclude Include="ShadowCamera.h">
      <Filter>SceneGraph\Camera</Filter>
    </ClInclude>
    <ClInclude Include="Frustum.h">
      <Filter>Header Files Only\Math</Filter>
    </ClInclude>
    <ClInclude Include="Quaternion.h">
      <Filter>Header Files Only\Math\Basic</Filter>
    </ClInclude>
    <ClInclude Include="Scalar.h">
      <Filter>Header Files Only\Math\Basic</Filter>
    </ClInclude>
    <ClInclude Include="Vector.h">
      <Filter>Header Files Only\Math\Basic</Filter>
    </ClInclude>
    <ClInclude Include="BoundingPlane.h">
      <Filter>Header Files Only\Math</Filter>
    </ClInclude>
    <ClInclude Include="MathBasic.h">
      <Filter>Header Files Only\Math\Basic</Filter>
    </ClInclude>
    <ClInclude Include="BoundingSphere.h">
      <Filter>Header Files Only\Math</Filter>
    </ClInclude>
    <ClInclude Include="CompressedQuaternion.h">
      <Filter>Header Files Only\Math\Basic</Filter>
    </ClInclude>
    <ClInclude Include="CameraEntity.h">
      <Filter>SceneGraph\Camera\CameraComponent</Filter>
    </ClInclude>
    <ClInclude Include="CameraFrustum.h">
      <Filter>SceneGraph\Camera\CameraComponent</Filter>
    </ClInclude>
    <ClInclude Include="Technique.h">
      <Filter>SceneGraph\Renderer\Component</Filter>
    </ClInclude>
    <ClInclude Include="Step.h">
      <Filter>SceneGraph\Renderer\Component</Filter>
    </ClInclude>
    <ClInclude Include="ObjectFilterFlag.h">
      <Filter>SceneGraph\Renderer</Filter>
    </ClInclude>
    <ClInclude Include="Material.h">
      <Filter>SceneGraph\Model</Filter>
    </ClInclude>
    <ClInclude Include="eLayoutFlags.h">
      <Filter>SceneGraph\Renderer</Filter>
    </ClInclude>
    <ClInclude Include="CameraProjector.h">
      <Filter>SceneGraph\Camera\CameraComponent</Filter>
    </ClInclude>
    <ClInclude Include="Matrix4.h">
      <Filter>Header Files Only\Math\Basic</Filter>
    </ClInclude>
    <ClInclude Include="Transform.h">
      <Filter>Header Files Only\Math\Basic</Filter>
    </ClInclude>
    <ClInclude Include="Matrix3.h">
      <Filter>Header Files Only\Math\Basic</Filter>
    </ClInclude>
    <ClInclude Include="WindowInput.h">
      <Filter>Graphics\Global Range\Input Device</Filter>
    </ClInclude>
    <ClInclude Include="GraphRenderer.h">
      <Filter>Graphics\Global Range</Filter>
    </ClInclude>
    <ClInclude Include="RenderQueuePass.h">
      <Filter>SceneGraph\Renderer\Pass\Base</Filter>
    </ClInclude>
    <ClInclude Include="ShaderConstantsTypeDefinitions.h">
      <Filter>Graphics\Custom D3D12 Core Interfaces</Filter>
    </ClInclude>
    <ClInclude Include="BindingPass.h">
      <Filter>SceneGraph\Renderer\Pass\Base</Filter>
    </ClInclude>
    <ClInclude Include="Pass.h">
      <Filter>SceneGraph\Renderer\Pass\Base</Filter>
    </ClInclude>
    <ClInclude Include="DepthOfFieldPass.h">
      <Filter>SceneGraph\Renderer\Pass\ComputePass</Filter>
    </ClInclude>
    <ClInclude Include="PassFlag.h">
      <Filter>SceneGraph\Renderer</Filter>
    </ClInclude>
    <ClInclude Include="MasterRenderGraph.h">
      <Filter>SceneGraph\Renderer\RenderGraph</Filter>
    </ClInclude>
    <ClInclude Include="RenderingResource.h">
      <Filter>SceneGraph</Filter>
    </ClInclude>
    <ClInclude Include="MainLight.h">
      <Filter>SceneGraph\Camera\MainLight</Filter>
    </ClInclude>
    <ClInclude Include="MainLightManager.h">
      <Filter>SceneGraph\Camera\MainLight</Filter>
    </ClInclude>
    <ClInclude Include="FilledPrimitiveSphere.h">
      <Filter>SceneGraph\Camera\MainLight</Filter>
    </ClInclude>
    <ClInclude Include="ModelComponentWindow.h">
      <Filter>SceneGraph\Renderer\imgui Window</Filter>
    </ClInclude>
    <ClInclude Include="CustomMemory.h">
      <Filter>Allocator</Filter>
    </ClInclude>
    <ClInclude Include="CPULinearAllocator.h">
      <Filter>Graphics\Global Range\CustomCPUAllocator%28Ongoing%29</Filter>
    </ClInclude>
    <ClInclude Include="ScopedPtr.h">
      <Filter>Graphics\Global Range\CustomCPUAllocator%28Ongoing%29</Filter>
    </ClInclude>
    <ClInclude Include="CpuTime.h">
      <Filter>Time</Filter>
    </ClInclude>
    <ClInclude Include="Profiling.h">
      <Filter>Time</Filter>
    </ClInclude>
    <ClInclude Include="TextManager.h">
      <Filter>Graphics\Global Range</Filter>
    </ClInclude>
    <ClInclude Include="..\Font Header\consola24.h">
      <Filter>Resource Files%28Icon, Shader%29\Font Header</Filter>
    </ClInclude>
    <ClInclude Include="StringHash.h">
      <Filter>StringHash</Filter>
    </ClInclude>
    <ClInclude Include="RawPSO.h">
      <Filter>Graphics\Custom D3D12 Core Interfaces</Filter>
    </ClInclude>
    <ClInclude Include="MaterialConstants.h">
      <Filter>SceneGraph\Model</Filter>
    </ClInclude>
    <ClInclude Include="FundamentalTexture.h">
      <Filter>Graphics\D3D12Resource\Texture</Filter>
    </ClInclude>
    <ClInclude Include="FundamentalVertexIndex.h">
      <Filter>Graphics\D3D12Resource\UAV</Filter>
    </ClInclude>
    <ClInclude Include="LightPrePass.h">
      <Filter>SceneGraph\Renderer\RenderGraph\1</Filter>
    </ClInclude>
    <ClInclude Include="ShadowPrePass.h">
      <Filter>SceneGraph\Renderer\RenderGraph\2</Filter>
    </ClInclude>
    <ClInclude Include="Z_PrePass.h">
      <Filter>SceneGraph\Renderer\RenderGraph\3</Filter>
    </ClInclude>
    <ClInclude Include="SSAOPass.h">
      <Filter>SceneGraph\Renderer\RenderGraph\4</Filter>
    </ClInclude>
    <ClInclude Include="FillLightGridPass.h">
      <Filter>SceneGraph\Renderer\RenderGraph\5</Filter>
    </ClInclude>
    <ClInclude Include="ShadowMappingPass.h">
      <Filter>SceneGraph\Renderer\RenderGraph\6</Filter>
    </ClInclude>
    <ClInclude Include="MainRenderPass.h">
      <Filter>SceneGraph\Renderer\RenderGraph\7</Filter>
    </ClInclude>
    <ClInclude Include="DebugWireFramePass.h">
      <Filter>SceneGraph\Renderer\RenderGraph\DebugPasses</Filter>
    </ClInclude>
    <ClInclude Include="DebugShadowMapPass.h">
      <Filter>SceneGraph\Renderer\RenderGraph\DebugPasses</Filter>
    </ClInclude>
    <ClInclude Include="D3D12Engine.h">
      <Filter>Main</Filter>
    </ClInclude>
    <ClInclude Include="ObjModelManager.h">
      <Filter>Main</Filter>
    </ClInclude>
    <ClInclude Include="ImGuiManager.h">
      <Filter>Main</Filter>
    </ClInclude>
    <ClInclude Include="Window.h">
      <Filter>Main</Filter>
    </ClInclude>
    <ClInclude Include="OBJFileManager.h">
      <Filter>Main</Filter>
    </ClInclude>
    <ClInclude Include="Graphics.h">
      <Filter>Main</Filter>
    </ClInclude>
    <ClInclude Include="Device.h">
      <Filter>Main</Filter>
    </ClInclude>
    <ClInclude Include="CustomImgui.h">
      <Filter>External Dependencies\Custom Imgui</Filter>
    </ClInclude>
    <ClInclude Include="TransformConstants.h">
      <Filter>SceneGraph\Model</Filter>
    </ClInclude>
    <ClInclude Include="ColorConstants.h">
      <Filter>SceneGraph\Model</Filter>
    </ClInclude>
    <ClInclude Include="OutlineDrawingPass.h">
      <Filter>SceneGraph\Renderer\RenderGraph\OutlineDrawingPass</Filter>
    </ClInclude>
  </ItemGroup>
  <ItemGroup>
    <ResourceCompile Include="IconResource.rc">
      <Filter>Resource Files%28Icon, Shader%29\Icon</Filter>
    </ResourceCompile>
  </ItemGroup>
  <ItemGroup>
    <Image Include="Icon\ksk3.ico">
      <Filter>Resource Files%28Icon, Shader%29\Icon</Filter>
    </Image>
  </ItemGroup>
  <ItemGroup>
    <None Include="..\Shader\Viewer\Utility\ViewerRS.hlsli">
      <Filter>Resource Files%28Icon, Shader%29\Candidate Shader\Viewer\Utility</Filter>
    </None>
    <None Include="..\Shader\Viewer\Utility\LightData.hlsli">
      <Filter>Resource Files%28Icon, Shader%29\Candidate Shader\Viewer\Utility</Filter>
    </None>
    <None Include="..\Shader\Viewer\Utility\ShadowFunctions.hlsli">
      <Filter>Resource Files%28Icon, Shader%29\Candidate Shader\Viewer\Utility</Filter>
    </None>
    <None Include="..\Shader\Viewer\Pixel Shader\ModelPS_Common.hlsli">
      <Filter>Resource Files%28Icon, Shader%29\Candidate Shader\Viewer\Model Basic Shader</Filter>
    </None>
    <None Include="..\Shader\Light\FillLightGridCS.hlsli">
      <Filter>Resource Files%28Icon, Shader%29\Candidate Shader\Light</Filter>
    </None>
    <None Include="..\Shader\Light\LightGrid.hlsli">
      <Filter>Resource Files%28Icon, Shader%29\Candidate Shader\Light</Filter>
    </None>
    <None Include="..\Shader\Light\FillLightGridRS.hlsli">
      <Filter>Resource Files%28Icon, Shader%29\Candidate Shader\Light</Filter>
    </None>
    <None Include="packages.config" />
    <None Include="..\Shader\Miscellaneous\ColorSpaceUtility.hlsli">
      <Filter>Resource Files%28Icon, Shader%29\Candidate Shader\Miscellaneous</Filter>
    </None>
    <None Include="..\Shader\Miscellaneous\PixelPacking.hlsli">
      <Filter>Resource Files%28Icon, Shader%29\Candidate Shader\Miscellaneous</Filter>
    </None>
    <None Include="..\Shader\Miscellaneous\PixelPacking_LUV.hlsli">
      <Filter>Resource Files%28Icon, Shader%29\Candidate Shader\Miscellaneous</Filter>
    </None>
    <None Include="..\Shader\Miscellaneous\PixelPacking_R11G11B10.hlsli">
      <Filter>Resource Files%28Icon, Shader%29\Candidate Shader\Miscellaneous</Filter>
    </None>
    <None Include="..\Shader\Miscellaneous\PixelPacking_RGBE.hlsli">
      <Filter>Resource Files%28Icon, Shader%29\Candidate Shader\Miscellaneous</Filter>
    </None>
    <None Include="..\Shader\Miscellaneous\PixelPacking_RGBM.hlsli">
      <Filter>Resource Files%28Icon, Shader%29\Candidate Shader\Miscellaneous</Filter>
    </None>
    <None Include="..\Shader\Miscellaneous\ShaderUtility.hlsli">
      <Filter>Resource Files%28Icon, Shader%29\Candidate Shader\Miscellaneous</Filter>
    </None>
    <None Include="..\Shader\GenerateMips\GenerateMipsCS.hlsli">
      <Filter>Resource Files%28Icon, Shader%29\Candidate Shader\GenerateMips</Filter>
    </None>
    <None Include="..\Shader\Present\PresentRS.hlsli">
      <Filter>Resource Files%28Icon, Shader%29\Candidate Shader\Present</Filter>
    </None>
    <None Include="..\Shader\Miscellaneous\ToneMappingUtility.hlsli">
      <Filter>Resource Files%28Icon, Shader%29\Candidate Shader\Miscellaneous</Filter>
    </None>
    <None Include="..\Shader\Miscellaneous\PostEffectsRS.hlsli">
      <Filter>Resource Files%28Icon, Shader%29\Candidate Shader\Miscellaneous</Filter>
    </None>
    <None Include="..\Shader\SSAO\AoBlurAndUpsampleCS.hlsli">
      <Filter>Resource Files%28Icon, Shader%29\Candidate Shader\SSAO</Filter>
    </None>
    <None Include="..\Shader\SSAO\SSAORS.hlsli">
      <Filter>Resource Files%28Icon, Shader%29\Candidate Shader\SSAO</Filter>
    </None>
    <None Include="..\Shader\SSAO\AoComputeCS.hlsli">
      <Filter>Resource Files%28Icon, Shader%29\Candidate Shader\SSAO</Filter>
    </None>
    <None Include="..\Shader\Flat\Flat_RS.hlsli">
      <Filter>Resource Files%28Icon, Shader%29\Candidate Shader\Flat</Filter>
    </None>
    <None Include="..\Shader\OutlineWithBlur\OutlineWithBlurRS.hlsli">
      <Filter>Resource Files%28Icon, Shader%29\Candidate Shader\OutlineWithBlur</Filter>
    </None>
    <None Include="..\Shader\Viewer\Vertex Shader\ModelVS_Common.hlsli">
      <Filter>Resource Files%28Icon, Shader%29\Candidate Shader\Viewer\Model Basic Shader</Filter>
    </None>
    <None Include="..\Shader\Text\TextRS.hlsli">
      <Filter>Resource Files%28Icon, Shader%29\Candidate Shader\Text</Filter>
    </None>
    <None Include="MathFunctions.inl">
      <Filter>Header Files Only\Math\Basic</Filter>
    </None>
    <None Include="..\Shader\ModelTest\ModelTest_PS.hlsli">
      <Filter>Resource Files%28Icon, Shader%29\Candidate Shader\Viewer\Model Test Shader</Filter>
    </None>
    <None Include="..\Shader\ModelTest\ModelTest_RS.hlsli">
      <Filter>Resource Files%28Icon, Shader%29\Candidate Shader\Viewer\Model Test Shader</Filter>
    </None>
    <None Include="..\Shader\ModelTest\LightData.hlsli">
      <Filter>Resource Files%28Icon, Shader%29\Candidate Shader\Viewer\Model Test Shader\External Dependency</Filter>
    </None>
    <None Include="..\Shader\ModelTest\ShadowFunctions.hlsli">
      <Filter>Resource Files%28Icon, Shader%29\Candidate Shader\Viewer\Model Test Shader\External Dependency</Filter>
    </None>
    <None Include="..\Shader\ModelTest\ModelTest_PS_Origin.hlsli">
      <Filter>Resource Files%28Icon, Shader%29\Candidate Shader\Viewer\Model Test Shader</Filter>
    </None>
    <None Include="..\Shader\Viewer\Debug\DebugRS.hlsli">
      <Filter>Resource Files%28Icon, Shader%29\Candidate Shader\Viewer\Debug</Filter>
    </None>
    <None Include="..\Shader\Viewer\Original\ModelViewerRS.hlsli">
      <Filter>Resource Files%28Icon, Shader%29\Candidate Shader\Viewer\Original</Filter>
    </None>
    <None Include="..\Shader\Viewer\WireFrame\WireFrame_RS.hlsli">
      <Filter>Resource Files%28Icon, Shader%29\Candidate Shader\Viewer\WireFrame</Filter>
    </None>
    <None Include="..\Shader\Viewer\Debug\DebugShadowMap\DebugShadowMap_RS.hlsli">
      <Filter>Resource Files%28Icon, Shader%29\Candidate Shader\Viewer\Debug\DebugShadowMap</Filter>
    </None>
  </ItemGroup>
  <ItemGroup>
    <FxCompile Include="..\Shader\Viewer\Pixel Shader\ModelPS_Basic.hlsl">
      <Filter>Resource Files%28Icon, Shader%29\Candidate Shader\Viewer\Model Basic Shader</Filter>
    </FxCompile>
    <FxCompile Include="..\Shader\Viewer\Pixel Shader\ModelPS_TexCoord.hlsl">
      <Filter>Resource Files%28Icon, Shader%29\Candidate Shader\Viewer\Model Basic Shader</Filter>
    </FxCompile>
    <FxCompile Include="..\Shader\Viewer\Pixel Shader\ModelPS_TexNormal.hlsl">
      <Filter>Resource Files%28Icon, Shader%29\Candidate Shader\Viewer\Model Basic Shader</Filter>
    </FxCompile>
    <FxCompile Include="..\Shader\Light\FillLightGridCS_8.hlsl">
      <Filter>Resource Files%28Icon, Shader%29\Candidate Shader\Light</Filter>
    </FxCompile>
    <FxCompile Include="..\Shader\Light\FillLightGridCS_16.hlsl">
      <Filter>Resource Files%28Icon, Shader%29\Candidate Shader\Light</Filter>
    </FxCompile>
    <FxCompile Include="..\Shader\Light\FillLightGridCS_24.hlsl">
      <Filter>Resource Files%28Icon, Shader%29\Candidate Shader\Light</Filter>
    </FxCompile>
    <FxCompile Include="..\Shader\Light\FillLightGridCS_32.hlsl">
      <Filter>Resource Files%28Icon, Shader%29\Candidate Shader\Light</Filter>
    </FxCompile>
    <FxCompile Include="..\Shader\Miscellaneous\CopyBackPostBufferCS.hlsl">
      <Filter>Resource Files%28Icon, Shader%29\Candidate Shader\Miscellaneous</Filter>
    </FxCompile>
    <FxCompile Include="..\Shader\Miscellaneous\ScreenQuadVS.hlsl">
      <Filter>Resource Files%28Icon, Shader%29\Candidate Shader\Miscellaneous</Filter>
    </FxCompile>
    <FxCompile Include="..\Shader\GenerateMips\GenerateMipsGammaCS.hlsl">
      <Filter>Resource Files%28Icon, Shader%29\Candidate Shader\GenerateMips</Filter>
    </FxCompile>
    <FxCompile Include="..\Shader\GenerateMips\GenerateMipsGammaOddCS.hlsl">
      <Filter>Resource Files%28Icon, Shader%29\Candidate Shader\GenerateMips</Filter>
    </FxCompile>
    <FxCompile Include="..\Shader\GenerateMips\GenerateMipsGammaOddXCS.hlsl">
      <Filter>Resource Files%28Icon, Shader%29\Candidate Shader\GenerateMips</Filter>
    </FxCompile>
    <FxCompile Include="..\Shader\GenerateMips\GenerateMipsGammaOddYCS.hlsl">
      <Filter>Resource Files%28Icon, Shader%29\Candidate Shader\GenerateMips</Filter>
    </FxCompile>
    <FxCompile Include="..\Shader\GenerateMips\GenerateMipsLinearCS.hlsl">
      <Filter>Resource Files%28Icon, Shader%29\Candidate Shader\GenerateMips</Filter>
    </FxCompile>
    <FxCompile Include="..\Shader\GenerateMips\GenerateMipsLinearOddCS.hlsl">
      <Filter>Resource Files%28Icon, Shader%29\Candidate Shader\GenerateMips</Filter>
    </FxCompile>
    <FxCompile Include="..\Shader\GenerateMips\GenerateMipsLinearOddXCS.hlsl">
      <Filter>Resource Files%28Icon, Shader%29\Candidate Shader\GenerateMips</Filter>
    </FxCompile>
    <FxCompile Include="..\Shader\GenerateMips\GenerateMipsLinearOddYCS.hlsl">
      <Filter>Resource Files%28Icon, Shader%29\Candidate Shader\GenerateMips</Filter>
    </FxCompile>
    <FxCompile Include="..\Shader\Present\BicubicHorizontalUpsamplePS.hlsl">
      <Filter>Resource Files%28Icon, Shader%29\Candidate Shader\Present</Filter>
    </FxCompile>
    <FxCompile Include="..\Shader\Present\BicubicUpsampleGammaPS.hlsl">
      <Filter>Resource Files%28Icon, Shader%29\Candidate Shader\Present</Filter>
    </FxCompile>
    <FxCompile Include="..\Shader\Present\BicubicUpsamplePS.hlsl">
      <Filter>Resource Files%28Icon, Shader%29\Candidate Shader\Present</Filter>
    </FxCompile>
    <FxCompile Include="..\Shader\Present\BicubicVerticalUpsamplePS.hlsl">
      <Filter>Resource Files%28Icon, Shader%29\Candidate Shader\Present</Filter>
    </FxCompile>
    <FxCompile Include="..\Shader\Present\BilinearUpsamplePS.hlsl">
      <Filter>Resource Files%28Icon, Shader%29\Candidate Shader\Present</Filter>
    </FxCompile>
    <FxCompile Include="..\Shader\Present\BufferCopyPS.hlsl">
      <Filter>Resource Files%28Icon, Shader%29\Candidate Shader\Present</Filter>
    </FxCompile>
    <FxCompile Include="..\Shader\Present\MagnifyPixelsPS.hlsl">
      <Filter>Resource Files%28Icon, Shader%29\Candidate Shader\Present</Filter>
    </FxCompile>
    <FxCompile Include="..\Shader\Present\PresentHDRPS.hlsl">
      <Filter>Resource Files%28Icon, Shader%29\Candidate Shader\Present</Filter>
    </FxCompile>
    <FxCompile Include="..\Shader\Present\PresentSDRPS.hlsl">
      <Filter>Resource Files%28Icon, Shader%29\Candidate Shader\Present</Filter>
    </FxCompile>
    <FxCompile Include="..\Shader\Present\SharpeningUpsampleGammaPS.hlsl">
      <Filter>Resource Files%28Icon, Shader%29\Candidate Shader\Present</Filter>
    </FxCompile>
    <FxCompile Include="..\Shader\Present\SharpeningUpsamplePS.hlsl">
      <Filter>Resource Files%28Icon, Shader%29\Candidate Shader\Present</Filter>
    </FxCompile>
    <FxCompile Include="VHS_PS.hlsl">
      <Filter>Resource Files%28Icon, Shader%29\Candidate Shader\VHS Test%28To be Done%29</Filter>
    </FxCompile>
    <FxCompile Include="..\Shader\SSAO\AoBlurUpsampleBlendOutCS.hlsl">
      <Filter>Resource Files%28Icon, Shader%29\Candidate Shader\SSAO</Filter>
    </FxCompile>
    <FxCompile Include="..\Shader\SSAO\AoBlurUpsampleCS.hlsl">
      <Filter>Resource Files%28Icon, Shader%29\Candidate Shader\SSAO</Filter>
    </FxCompile>
    <FxCompile Include="..\Shader\SSAO\AoBlurUpsamplePreMinBlendOutCS.hlsl">
      <Filter>Resource Files%28Icon, Shader%29\Candidate Shader\SSAO</Filter>
    </FxCompile>
    <FxCompile Include="..\Shader\SSAO\AoBlurUpsamplePreMinCS.hlsl">
      <Filter>Resource Files%28Icon, Shader%29\Candidate Shader\SSAO</Filter>
    </FxCompile>
    <FxCompile Include="..\Shader\SSAO\AoPrepareDepthBuffers1CS.hlsl">
      <Filter>Resource Files%28Icon, Shader%29\Candidate Shader\SSAO</Filter>
    </FxCompile>
    <FxCompile Include="..\Shader\SSAO\AoPrepareDepthBuffers2CS.hlsl">
      <Filter>Resource Files%28Icon, Shader%29\Candidate Shader\SSAO</Filter>
    </FxCompile>
    <FxCompile Include="..\Shader\SSAO\DebugSSAOCS.hlsl">
      <Filter>Resource Files%28Icon, Shader%29\Candidate Shader\SSAO</Filter>
    </FxCompile>
    <FxCompile Include="..\Shader\SSAO\LinearizeDepthCS.hlsl">
      <Filter>Resource Files%28Icon, Shader%29\Candidate Shader\SSAO</Filter>
    </FxCompile>
    <FxCompile Include="..\Shader\SobelFilter\Composite_VS_PS.hlsl">
      <Filter>Resource Files%28Icon, Shader%29\Candidate Shader\Sobel FIlter</Filter>
    </FxCompile>
    <FxCompile Include="..\Shader\SobelFilter\Sobel_CS.hlsl">
      <Filter>Resource Files%28Icon, Shader%29\Candidate Shader\Sobel FIlter</Filter>
    </FxCompile>
    <FxCompile Include="..\Shader\SSAO\AoCompute1CS.hlsl">
      <Filter>Resource Files%28Icon, Shader%29\Candidate Shader\SSAO</Filter>
    </FxCompile>
    <FxCompile Include="..\Shader\SSAO\AoCompute2CS.hlsl">
      <Filter>Resource Files%28Icon, Shader%29\Candidate Shader\SSAO</Filter>
    </FxCompile>
    <FxCompile Include="..\Shader\Flat\Flat_VS.hlsl">
      <Filter>Resource Files%28Icon, Shader%29\Candidate Shader\Flat</Filter>
    </FxCompile>
    <FxCompile Include="..\Shader\Flat\Flat_PS.hlsl">
      <Filter>Resource Files%28Icon, Shader%29\Candidate Shader\Flat</Filter>
    </FxCompile>
    <FxCompile Include="..\Shader\OutlineWithBlur\OutlineWithBlurPS.hlsl">
      <Filter>Resource Files%28Icon, Shader%29\Candidate Shader\OutlineWithBlur</Filter>
    </FxCompile>
    <FxCompile Include="..\Shader\Viewer\Vertex Shader\ModelVS_Basic.hlsl">
      <Filter>Resource Files%28Icon, Shader%29\Candidate Shader\Viewer\Model Basic Shader</Filter>
    </FxCompile>
    <FxCompile Include="..\Shader\Viewer\Vertex Shader\ModelVS_TexCoord.hlsl">
      <Filter>Resource Files%28Icon, Shader%29\Candidate Shader\Viewer\Model Basic Shader</Filter>
    </FxCompile>
    <FxCompile Include="..\Shader\Viewer\Vertex Shader\ModelVS_TexNormal.hlsl">
      <Filter>Resource Files%28Icon, Shader%29\Candidate Shader\Viewer\Model Basic Shader</Filter>
    </FxCompile>
    <FxCompile Include="..\Shader\Viewer\Depth Shader\DepthVS.hlsl">
      <Filter>Resource Files%28Icon, Shader%29\Candidate Shader\Viewer\Depth Shader</Filter>
    </FxCompile>
    <FxCompile Include="..\Shader\Viewer\Depth Shader\DepthPS.hlsl">
      <Filter>Resource Files%28Icon, Shader%29\Candidate Shader\Viewer\Depth Shader</Filter>
    </FxCompile>
    <FxCompile Include="..\Shader\Text\TextVS.hlsl">
      <Filter>Resource Files%28Icon, Shader%29\Candidate Shader\Text</Filter>
    </FxCompile>
    <FxCompile Include="..\Shader\Text\TextAntialiasPS.hlsl">
      <Filter>Resource Files%28Icon, Shader%29\Candidate Shader\Text</Filter>
    </FxCompile>
    <FxCompile Include="..\Shader\Text\TextShadowPS.hlsl">
      <Filter>Resource Files%28Icon, Shader%29\Candidate Shader\Text</Filter>
    </FxCompile>
    <FxCompile Include="..\Shader\ModelTest\ModelTest_Diffuse_PS.hlsl">
      <Filter>Resource Files%28Icon, Shader%29\Candidate Shader\Viewer\Model Test Shader\Various</Filter>
    </FxCompile>
    <FxCompile Include="..\Shader\ModelTest\ModelTest_DiffuseSpecular_PS.hlsl">
      <Filter>Resource Files%28Icon, Shader%29\Candidate Shader\Viewer\Model Test Shader\Various</Filter>
    </FxCompile>
    <FxCompile Include="..\Shader\ModelTest\ModelTest_DiffuseSpecularNormal_PS.hlsl">
      <Filter>Resource Files%28Icon, Shader%29\Candidate Shader\Viewer\Model Test Shader\Various</Filter>
    </FxCompile>
    <FxCompile Include="..\Shader\ModelTest\ModelTest_Normal_PS.hlsl">
      <Filter>Resource Files%28Icon, Shader%29\Candidate Shader\Viewer\Model Test Shader\Various</Filter>
    </FxCompile>
    <FxCompile Include="..\Shader\ModelTest\ModelTest_Specular_PS.hlsl">
      <Filter>Resource Files%28Icon, Shader%29\Candidate Shader\Viewer\Model Test Shader\Various</Filter>
    </FxCompile>
    <FxCompile Include="..\Shader\ModelTest\ModelTest_SpecularNormal_PS.hlsl">
      <Filter>Resource Files%28Icon, Shader%29\Candidate Shader\Viewer\Model Test Shader\Various</Filter>
    </FxCompile>
    <FxCompile Include="..\Shader\ModelTest\ModelTest_VS.hlsl">
      <Filter>Resource Files%28Icon, Shader%29\Candidate Shader\Viewer\Model Test Shader</Filter>
    </FxCompile>
    <FxCompile Include="..\Shader\ModelTest\ModelTest_DiffuseNormal_PS.hlsl">
      <Filter>Resource Files%28Icon, Shader%29\Candidate Shader\Viewer\Model Test Shader\Various</Filter>
    </FxCompile>
    <FxCompile Include="..\Shader\ModelTest\ModelTest_None_PS.hlsl">
      <Filter>Resource Files%28Icon, Shader%29\Candidate Shader\Viewer\Model Test Shader\Various</Filter>
    </FxCompile>
    <FxCompile Include="..\Shader\Viewer\Debug\DebugCS.hlsl">
      <Filter>Resource Files%28Icon, Shader%29\Candidate Shader\Viewer\Debug</Filter>
    </FxCompile>
    <FxCompile Include="..\Shader\Viewer\Original\ModelViewerPS.hlsl">
      <Filter>Resource Files%28Icon, Shader%29\Candidate Shader\Viewer\Original</Filter>
    </FxCompile>
    <FxCompile Include="..\Shader\Viewer\WireFrame\WireFrame_VS.hlsl">
      <Filter>Resource Files%28Icon, Shader%29\Candidate Shader\Viewer\WireFrame</Filter>
    </FxCompile>
    <FxCompile Include="..\Shader\Viewer\WireFrame\WireFrame_PS.hlsl">
      <Filter>Resource Files%28Icon, Shader%29\Candidate Shader\Viewer\WireFrame</Filter>
    </FxCompile>
    <FxCompile Include="..\Shader\Viewer\Debug\DebugShadowMap\DebugShadowMap_VS.hlsl">
      <Filter>Resource Files%28Icon, Shader%29\Candidate Shader\Viewer\Debug\DebugShadowMap</Filter>
    </FxCompile>
    <FxCompile Include="..\Shader\Viewer\Debug\DebugShadowMap\DebugShadowMap_PS.hlsl">
      <Filter>Resource Files%28Icon, Shader%29\Candidate Shader\Viewer\Debug\DebugShadowMap</Filter>
    </FxCompile>
    <FxCompile Include="..\Shader\OutlineWithBlur\GaussianBlurCS.hlsl">
      <Filter>Resource Files%28Icon, Shader%29\Candidate Shader\OutlineWithBlur</Filter>
    </FxCompile>
    <FxCompile Include="..\Shader\OutlineWithBlur\Paper2VS.hlsl">
      <Filter>Resource Files%28Icon, Shader%29\Candidate Shader\OutlineWithBlur</Filter>
    </FxCompile>
    <FxCompile Include="..\Shader\OutlineWithBlur\Paper2PS.hlsl">
      <Filter>Resource Files%28Icon, Shader%29\Candidate Shader\OutlineWithBlur</Filter>
    </FxCompile>
  </ItemGroup>
</Project>