
Microsoft Visual Studio Solution File, Format Version 12.00
# Visual Studio Version 16
VisualStudioVersion = 16.0.29920.165
MinimumVisualStudioVersion = 10.0.40219.1
Project("{8BC9CEB8-8B4A-11D0-8D11-00A0C91BC942}") = "Application(.exe)", "D3D12_Engine\D3D12_Engine.vcxproj", "{86DB18F3-F0E9-4DBB-ADA4-C818C95E98CB}"
EndProject
Project("{8BC9CEB8-8B4A-11D0-8D11-00A0C91BC942}") = "Graphics(.lib)", "Graphics\Graphics.vcxproj", "{A904E00B-63FF-4D9C-ACCA-1AB1F2D1F68E}"
EndProject
Project("{2150E333-8FDC-42A3-9474-1A3956D46DE8}") = "Doodle", "Doodle", "{93E83E52-48CB-4AE6-910F-CB4A6151BDF7}"
EndProject
Project("{2150E333-8FDC-42A3-9474-1A3956D46DE8}") = "Todo", "Todo", "{B0C1378F-C83B-4AC9-BC80-98D30EC649C1}"
EndProject
Project("{2150E333-8FDC-42A3-9474-1A3956D46DE8}") = "Memo", "Memo", "{9C9E4A60-D558-4D4F-8189-B2F977406437}"
	ProjectSection(SolutionItems) = preProject
		assimp.txt = assimp.txt
		Coding Standard(Eng).txt = Coding Standard(Eng).txt
		Coding Standard(Kor).txt = Coding Standard(Kor).txt
		D3D12Debugging 관련.txt = D3D12Debugging 관련.txt
		Data type Definitions Rules.txt = Data type Definitions Rules.txt
		TextFile4.txt = TextFile4.txt
		TextFile5.txt = TextFile5.txt
	EndProjectSection
EndProject
Project("{2150E333-8FDC-42A3-9474-1A3956D46DE8}") = "Deadly", "Deadly", "{EC2D4899-1B33-4BB1-B34D-B05B99CE7203}"
EndProject
Project("{2150E333-8FDC-42A3-9474-1A3956D46DE8}") = "Idle", "Idle", "{D6801CE6-42D2-424B-86D7-E96C9F234535}"
EndProject
Project("{2150E333-8FDC-42A3-9474-1A3956D46DE8}") = "Low", "Low", "{0AF1A71D-F46E-4130-893F-4B6B626F5CED}"
EndProject
Project("{8BC9CEB8-8B4A-11D0-8D11-00A0C91BC942}") = "Engine", "Engine\Engine.vcxproj", "{44399D05-5392-41B0-AE94-8E02E480058E}"
EndProject
Global
	GlobalSection(SolutionConfigurationPlatforms) = preSolution
		Debug|x64 = Debug|x64
		Debug|x86 = Debug|x86
		Release|x64 = Release|x64
		Release|x86 = Release|x86
	EndGlobalSection
	GlobalSection(ProjectConfigurationPlatforms) = postSolution
		{86DB18F3-F0E9-4DBB-ADA4-C818C95E98CB}.Debug|x64.ActiveCfg = Debug|x64
		{86DB18F3-F0E9-4DBB-ADA4-C818C95E98CB}.Debug|x64.Build.0 = Debug|x64
		{86DB18F3-F0E9-4DBB-ADA4-C818C95E98CB}.Debug|x86.ActiveCfg = Debug|Win32
		{86DB18F3-F0E9-4DBB-ADA4-C818C95E98CB}.Debug|x86.Build.0 = Debug|Win32
		{86DB18F3-F0E9-4DBB-ADA4-C818C95E98CB}.Release|x64.ActiveCfg = Release|x64
		{86DB18F3-F0E9-4DBB-ADA4-C818C95E98CB}.Release|x64.Build.0 = Release|x64
		{86DB18F3-F0E9-4DBB-ADA4-C818C95E98CB}.Release|x86.ActiveCfg = Release|Win32
		{86DB18F3-F0E9-4DBB-ADA4-C818C95E98CB}.Release|x86.Build.0 = Release|Win32
		{A904E00B-63FF-4D9C-ACCA-1AB1F2D1F68E}.Debug|x64.ActiveCfg = Debug|x64
		{A904E00B-63FF-4D9C-ACCA-1AB1F2D1F68E}.Debug|x64.Build.0 = Debug|x64
		{A904E00B-63FF-4D9C-ACCA-1AB1F2D1F68E}.Debug|x86.ActiveCfg = Debug|Win32
		{A904E00B-63FF-4D9C-ACCA-1AB1F2D1F68E}.Debug|x86.Build.0 = Debug|Win32
		{A904E00B-63FF-4D9C-ACCA-1AB1F2D1F68E}.Release|x64.ActiveCfg = Release|x64
		{A904E00B-63FF-4D9C-ACCA-1AB1F2D1F68E}.Release|x64.Build.0 = Release|x64
		{A904E00B-63FF-4D9C-ACCA-1AB1F2D1F68E}.Release|x86.ActiveCfg = Release|Win32
		{A904E00B-63FF-4D9C-ACCA-1AB1F2D1F68E}.Release|x86.Build.0 = Release|Win32
		{44399D05-5392-41B0-AE94-8E02E480058E}.Debug|x64.ActiveCfg = Debug|x64
		{44399D05-5392-41B0-AE94-8E02E480058E}.Debug|x64.Build.0 = Debug|x64
		{44399D05-5392-41B0-AE94-8E02E480058E}.Debug|x86.ActiveCfg = Debug|Win32
		{44399D05-5392-41B0-AE94-8E02E480058E}.Debug|x86.Build.0 = Debug|Win32
		{44399D05-5392-41B0-AE94-8E02E480058E}.Release|x64.ActiveCfg = Release|x64
		{44399D05-5392-41B0-AE94-8E02E480058E}.Release|x64.Build.0 = Release|x64
		{44399D05-5392-41B0-AE94-8E02E480058E}.Release|x86.ActiveCfg = Release|Win32
		{44399D05-5392-41B0-AE94-8E02E480058E}.Release|x86.Build.0 = Release|Win32
	EndGlobalSection
	GlobalSection(SolutionProperties) = preSolution
		HideSolutionNode = FALSE
	EndGlobalSection
	GlobalSection(NestedProjects) = preSolution
		{B0C1378F-C83B-4AC9-BC80-98D30EC649C1} = {93E83E52-48CB-4AE6-910F-CB4A6151BDF7}
		{9C9E4A60-D558-4D4F-8189-B2F977406437} = {93E83E52-48CB-4AE6-910F-CB4A6151BDF7}
		{EC2D4899-1B33-4BB1-B34D-B05B99CE7203} = {B0C1378F-C83B-4AC9-BC80-98D30EC649C1}
		{D6801CE6-42D2-424B-86D7-E96C9F234535} = {B0C1378F-C83B-4AC9-BC80-98D30EC649C1}
		{0AF1A71D-F46E-4130-893F-4B6B626F5CED} = {B0C1378F-C83B-4AC9-BC80-98D30EC649C1}
	EndGlobalSection
	GlobalSection(ExtensibilityGlobals) = postSolution
		SolutionGuid = {3645A134-E15F-4B35-992B-986BDABCA46A}
	EndGlobalSection
EndGlobal
