<?xml version="1.0" encoding="utf-8"?>
<Project ToolsVersion="4.0" xmlns="http://schemas.microsoft.com/developer/msbuild/2003">
  <ItemGroup>
    <Filter Include="Source Files">
      <UniqueIdentifier>{4FC737F1-C7A5-4376-A066-2A32D752A2FF}</UniqueIdentifier>
      <Extensions>cpp;c;cc;cxx;c++;def;odl;idl;hpj;bat;asm;asmx</Extensions>
    </Filter>
    <Filter Include="Resource Files">
      <UniqueIdentifier>{67DA6AB6-F800-4c08-8B7A-83BB121AAD01}</UniqueIdentifier>
      <Extensions>rc;ico;cur;bmp;dlg;rc2;rct;bin;rgs;gif;jpg;jpeg;jpe;resx;tiff;tif;png;wav;mfcribbon-ms</Extensions>
    </Filter>
    <Filter Include="Widget">
      <UniqueIdentifier>{33c4fc47-4c1e-4056-94f5-2d717e427345}</UniqueIdentifier>
    </Filter>
    <Filter Include="Painters">
      <UniqueIdentifier>{1490db72-c012-41bc-bc2f-2c61f2fcd9fc}</UniqueIdentifier>
    </Filter>
    <Filter Include="DataQuery">
      <UniqueIdentifier>{ff165100-6523-4c1d-b5a1-0ab746887155}</UniqueIdentifier>
    </Filter>
  </ItemGroup>
  <ItemGroup>
    <ClCompile Include="..\..\main.cpp">
      <Filter>Source Files</Filter>
    </ClCompile>
    <ClCompile Include="..\..\mainwindow.cpp">
      <Filter>Source Files</Filter>
    </ClCompile>
    <ClCompile Include="..\..\widgets\cpuwidget.cpp">
      <Filter>Widget</Filter>
    </ClCompile>
    <ClCompile Include="..\..\widgets\performancewidget.cpp">
      <Filter>Widget</Filter>
    </ClCompile>
    <ClCompile Include="..\..\widgets\ramwidget.cpp">
      <Filter>Widget</Filter>
    </ClCompile>
    <ClCompile Include="..\..\painters\barspainter.cpp">
      <Filter>Painters</Filter>
    </ClCompile>
    <ClCompile Include="..\..\painters\graphmulticolorpainter.cpp">
      <Filter>Painters</Filter>
    </ClCompile>
    <ClCompile Include="..\..\painters\graphpainter.cpp">
      <Filter>Painters</Filter>
    </ClCompile>
    <ClCompile Include="..\..\painters\painterutils.cpp">
      <Filter>Painters</Filter>
    </ClCompile>
    <ClCompile Include="..\..\painters\performancepainter.cpp">
      <Filter>Painters</Filter>
    </ClCompile>
    <ClCompile Include="..\..\dataQuery\cpudataquery.cpp">
      <Filter>DataQuery</Filter>
    </ClCompile>
    <ClCompile Include="..\..\dataQuery\dataquery.cpp">
      <Filter>DataQuery</Filter>
    </ClCompile>
    <ClCompile Include="..\..\dataQuery\queryresource.cpp">
      <Filter>DataQuery</Filter>
    </ClCompile>
    <ClCompile Include="..\..\dataQuery\ramdataquery.cpp">
      <Filter>DataQuery</Filter>
    </ClCompile>
  </ItemGroup>
  <ItemGroup>
    <ClInclude Include="..\..\mainwindow.h">
      <Filter>Source Files</Filter>
    </ClInclude>
    <ClInclude Include="..\..\widgets\cpuwidget.h">
      <Filter>Widget</Filter>
    </ClInclude>
    <ClInclude Include="..\..\widgets\performancewidget.h">
      <Filter>Widget</Filter>
    </ClInclude>
    <ClInclude Include="..\..\widgets\ramwidget.h">
      <Filter>Widget</Filter>
    </ClInclude>
    <ClInclude Include="..\..\painters\barspainter.h">
      <Filter>Painters</Filter>
    </ClInclude>
    <ClInclude Include="..\..\painters\graphmulticolorpainter.h">
      <Filter>Painters</Filter>
    </ClInclude>
    <ClInclude Include="..\..\painters\graphpainter.h">
      <Filter>Painters</Filter>
    </ClInclude>
    <ClInclude Include="..\..\painters\painterutils.h">
      <Filter>Painters</Filter>
    </ClInclude>
    <ClInclude Include="..\..\painters\performancepainter.h">
      <Filter>Painters</Filter>
    </ClInclude>
    <ClInclude Include="..\..\dataQuery\cpudataquery.h">
      <Filter>DataQuery</Filter>
    </ClInclude>
    <ClInclude Include="..\..\dataQuery\dataquery.h">
      <Filter>DataQuery</Filter>
    </ClInclude>
    <ClInclude Include="..\..\dataQuery\queryresource.h">
      <Filter>DataQuery</Filter>
    </ClInclude>
    <ClInclude Include="..\..\dataQuery\ramdataquery.h">
      <Filter>DataQuery</Filter>
    </ClInclude>
  </ItemGroup>
  <ItemGroup>
    <None Include="packages.config" />
  </ItemGroup>
</Project>